
Microsoft Visual Studio Solution File, Format Version 12.00
# Visual Studio Version 17
VisualStudioVersion = 17.8.34330.188
MinimumVisualStudioVersion = 10.0.40219.1
Project("{FAE04EC0-301F-11D3-BF4B-00C04F79EFBC}") = "TodoAPI", "TodoAPI\TodoAPI.csproj", "{90B1CF23-A9D9-43B1-B946-B5F8B151FD6E}"
EndProject
Global
	GlobalSection(SolutionConfigurationPlatforms) = preSolution
		Debug|Any CPU = Debug|Any CPU
		Release|Any CPU = Release|Any CPU
	EndGlobalSection
	GlobalSection(ProjectConfigurationPlatforms) = postSolution
		{90B1CF23-A9D9-43B1-B946-B5F8B151FD6E}.Debug|Any CPU.ActiveCfg = Debug|Any CPU
		{90B1CF23-A9D9-43B1-B946-B5F8B151FD6E}.Debug|Any CPU.Build.0 = Debug|Any CPU
		{90B1CF23-A9D9-43B1-B946-B5F8B151FD6E}.Release|Any CPU.ActiveCfg = Release|Any CPU
		{90B1CF23-A9D9-43B1-B946-B5F8B151FD6E}.Release|Any CPU.Build.0 = Release|Any CPU
	EndGlobalSection
	GlobalSection(SolutionProperties) = preSolution
		HideSolutionNode = FALSE
	EndGlobalSection
	GlobalSection(ExtensibilityGlobals) = postSolution
		SolutionGuid = {E6D20C1A-424B-4AE4-9C4D-E1FA747E0955}
	EndGlobalSection
EndGlobal
