
Microsoft Visual Studio Solution File, Format Version 12.00
# Visual Studio Version 17
VisualStudioVersion = 17.7.34202.233
MinimumVisualStudioVersion = 10.0.40219.1
Project("{FAE04EC0-301F-11D3-BF4B-00C04F79EFBC}") = "ProblemSolvingLec_Pacth3", "ProblemSolvingLec_Pacth3\ProblemSolvingLec_Pacth3.csproj", "{B35A68A5-1FF0-4627-B09E-FAFEAB5CDE54}"
EndProject
Global
	GlobalSection(SolutionConfigurationPlatforms) = preSolution
		Debug|Any CPU = Debug|Any CPU
		Release|Any CPU = Release|Any CPU
	EndGlobalSection
	GlobalSection(ProjectConfigurationPlatforms) = postSolution
		{B35A68A5-1FF0-4627-B09E-FAFEAB5CDE54}.Debug|Any CPU.ActiveCfg = Debug|Any CPU
		{B35A68A5-1FF0-4627-B09E-FAFEAB5CDE54}.Debug|Any CPU.Build.0 = Debug|Any CPU
		{B35A68A5-1FF0-4627-B09E-FAFEAB5CDE54}.Release|Any CPU.ActiveCfg = Release|Any CPU
		{B35A68A5-1FF0-4627-B09E-FAFEAB5CDE54}.Release|Any CPU.Build.0 = Release|Any CPU
	EndGlobalSection
	GlobalSection(SolutionProperties) = preSolution
		HideSolutionNode = FALSE
	EndGlobalSection
	GlobalSection(ExtensibilityGlobals) = postSolution
		SolutionGuid = {C5A44A6E-4F42-4409-A5C0-A7698E9AAB0D}
	EndGlobalSection
EndGlobal
