
Microsoft Visual Studio Solution File, Format Version 12.00
# Visual Studio Version 17
VisualStudioVersion = 17.7.34202.233
MinimumVisualStudioVersion = 10.0.40219.1
Project("{FAE04EC0-301F-11D3-BF4B-00C04F79EFBC}") = "MakeenPatch03_Day13(CashierVersion)", "MakeenPatch03_Day13(CashierVersion)\MakeenPatch03_Day13(CashierVersion).csproj", "{665E976E-513B-43EA-835C-15FDF52E075D}"
EndProject
Global
	GlobalSection(SolutionConfigurationPlatforms) = preSolution
		Debug|Any CPU = Debug|Any CPU
		Release|Any CPU = Release|Any CPU
	EndGlobalSection
	GlobalSection(ProjectConfigurationPlatforms) = postSolution
		{665E976E-513B-43EA-835C-15FDF52E075D}.Debug|Any CPU.ActiveCfg = Debug|Any CPU
		{665E976E-513B-43EA-835C-15FDF52E075D}.Debug|Any CPU.Build.0 = Debug|Any CPU
		{665E976E-513B-43EA-835C-15FDF52E075D}.Release|Any CPU.ActiveCfg = Release|Any CPU
		{665E976E-513B-43EA-835C-15FDF52E075D}.Release|Any CPU.Build.0 = Release|Any CPU
	EndGlobalSection
	GlobalSection(SolutionProperties) = preSolution
		HideSolutionNode = FALSE
	EndGlobalSection
	GlobalSection(ExtensibilityGlobals) = postSolution
		SolutionGuid = {F054EACF-3BA4-4240-B10F-A1B4D4ECF43E}
	EndGlobalSection
EndGlobal
